
Microsoft Visual Studio Solution File, Format Version 12.00
# Visual Studio Version 17
VisualStudioVersion = 17.9.34622.214
MinimumVisualStudioVersion = 10.0.40219.1
Project("{FAE04EC0-301F-11D3-BF4B-00C04F79EFBC}") = "Order_System", "Order_System\Order_System.csproj", "{B7DA33DC-0EBA-4FFF-9A1F-7DC9CB50BB4C}"
EndProject
Global
	GlobalSection(SolutionConfigurationPlatforms) = preSolution
		Debug|Any CPU = Debug|Any CPU
		Release|Any CPU = Release|Any CPU
	EndGlobalSection
	GlobalSection(ProjectConfigurationPlatforms) = postSolution
		{B7DA33DC-0EBA-4FFF-9A1F-7DC9CB50BB4C}.Debug|Any CPU.ActiveCfg = Debug|Any CPU
		{B7DA33DC-0EBA-4FFF-9A1F-7DC9CB50BB4C}.Debug|Any CPU.Build.0 = Debug|Any CPU
		{B7DA33DC-0EBA-4FFF-9A1F-7DC9CB50BB4C}.Release|Any CPU.ActiveCfg = Release|Any CPU
		{B7DA33DC-0EBA-4FFF-9A1F-7DC9CB50BB4C}.Release|Any CPU.Build.0 = Release|Any CPU
	EndGlobalSection
	GlobalSection(SolutionProperties) = preSolution
		HideSolutionNode = FALSE
	EndGlobalSection
	GlobalSection(ExtensibilityGlobals) = postSolution
		SolutionGuid = {A912AECB-03BF-4A58-8E01-3ABEAD560872}
	EndGlobalSection
EndGlobal
